
Microsoft Visual Studio Solution File, Format Version 12.00
# Visual Studio Version 16
VisualStudioVersion = 16.0.28714.193
MinimumVisualStudioVersion = 10.0.40219.1
Project("{FAE04EC0-301F-11D3-BF4B-00C04F79EFBC}") = "SafeMessages.Android", "SafeMessages.Android\SafeMessages.Android.csproj", "{5BAE677C-8411-41C2-8D90-78158098B769}"
EndProject
Project("{FAE04EC0-301F-11D3-BF4B-00C04F79EFBC}") = "SafeMessages.iOS", "SafeMessages.iOS\SafeMessages.iOS.csproj", "{FD15FE81-D079-44C8-97CE-1F6EB2E5462D}"
EndProject
Project("{9A19103F-16F7-4668-BE54-9A1E7A4F7556}") = "SafeMessages", "SafeMessages\SafeMessages.csproj", "{3C8FFBD0-0498-4235-82EF-1449D7EA4D19}"
EndProject
Global
	GlobalSection(SolutionConfigurationPlatforms) = preSolution
		Debug|Any CPU = Debug|Any CPU
		Debug|iPhone = Debug|iPhone
		Debug|iPhoneSimulator = Debug|iPhoneSimulator
		Release|Any CPU = Release|Any CPU
		Release|iPhone = Release|iPhone
		Release|iPhoneSimulator = Release|iPhoneSimulator
	EndGlobalSection
	GlobalSection(ProjectConfigurationPlatforms) = postSolution
		{5BAE677C-8411-41C2-8D90-78158098B769}.Debug|Any CPU.ActiveCfg = Debug|Any CPU
		{5BAE677C-8411-41C2-8D90-78158098B769}.Debug|Any CPU.Build.0 = Debug|Any CPU
		{5BAE677C-8411-41C2-8D90-78158098B769}.Debug|Any CPU.Deploy.0 = Debug|Any CPU
		{5BAE677C-8411-41C2-8D90-78158098B769}.Debug|iPhone.ActiveCfg = Debug|Any CPU
		{5BAE677C-8411-41C2-8D90-78158098B769}.Debug|iPhone.Build.0 = Debug|Any CPU
		{5BAE677C-8411-41C2-8D90-78158098B769}.Debug|iPhone.Deploy.0 = Debug|Any CPU
		{5BAE677C-8411-41C2-8D90-78158098B769}.Debug|iPhoneSimulator.ActiveCfg = Debug|Any CPU
		{5BAE677C-8411-41C2-8D90-78158098B769}.Debug|iPhoneSimulator.Build.0 = Debug|Any CPU
		{5BAE677C-8411-41C2-8D90-78158098B769}.Debug|iPhoneSimulator.Deploy.0 = Debug|Any CPU
		{5BAE677C-8411-41C2-8D90-78158098B769}.Release|Any CPU.ActiveCfg = Release|Any CPU
		{5BAE677C-8411-41C2-8D90-78158098B769}.Release|Any CPU.Build.0 = Release|Any CPU
		{5BAE677C-8411-41C2-8D90-78158098B769}.Release|Any CPU.Deploy.0 = Release|Any CPU
		{5BAE677C-8411-41C2-8D90-78158098B769}.Release|iPhone.ActiveCfg = Release|Any CPU
		{5BAE677C-8411-41C2-8D90-78158098B769}.Release|iPhone.Build.0 = Release|Any CPU
		{5BAE677C-8411-41C2-8D90-78158098B769}.Release|iPhone.Deploy.0 = Release|Any CPU
		{5BAE677C-8411-41C2-8D90-78158098B769}.Release|iPhoneSimulator.ActiveCfg = Release|Any CPU
		{5BAE677C-8411-41C2-8D90-78158098B769}.Release|iPhoneSimulator.Build.0 = Release|Any CPU
		{5BAE677C-8411-41C2-8D90-78158098B769}.Release|iPhoneSimulator.Deploy.0 = Release|Any CPU
		{FD15FE81-D079-44C8-97CE-1F6EB2E5462D}.Debug|Any CPU.ActiveCfg = Debug|iPhone
		{FD15FE81-D079-44C8-97CE-1F6EB2E5462D}.Debug|iPhone.ActiveCfg = Debug|iPhone
		{FD15FE81-D079-44C8-97CE-1F6EB2E5462D}.Debug|iPhone.Build.0 = Debug|iPhone
		{FD15FE81-D079-44C8-97CE-1F6EB2E5462D}.Debug|iPhoneSimulator.ActiveCfg = Debug|iPhoneSimulator
		{FD15FE81-D079-44C8-97CE-1F6EB2E5462D}.Debug|iPhoneSimulator.Build.0 = Debug|iPhoneSimulator
		{FD15FE81-D079-44C8-97CE-1F6EB2E5462D}.Release|Any CPU.ActiveCfg = Release|iPhoneSimulator
		{FD15FE81-D079-44C8-97CE-1F6EB2E5462D}.Release|Any CPU.Build.0 = Release|iPhoneSimulator
		{FD15FE81-D079-44C8-97CE-1F6EB2E5462D}.Release|iPhone.ActiveCfg = Release|iPhone
		{FD15FE81-D079-44C8-97CE-1F6EB2E5462D}.Release|iPhone.Build.0 = Release|iPhone
		{FD15FE81-D079-44C8-97CE-1F6EB2E5462D}.Release|iPhoneSimulator.ActiveCfg = Release|iPhoneSimulator
		{FD15FE81-D079-44C8-97CE-1F6EB2E5462D}.Release|iPhoneSimulator.Build.0 = Release|iPhoneSimulator
		{3C8FFBD0-0498-4235-82EF-1449D7EA4D19}.Debug|Any CPU.ActiveCfg = Debug|Any CPU
		{3C8FFBD0-0498-4235-82EF-1449D7EA4D19}.Debug|Any CPU.Build.0 = Debug|Any CPU
		{3C8FFBD0-0498-4235-82EF-1449D7EA4D19}.Debug|iPhone.ActiveCfg = Debug|Any CPU
		{3C8FFBD0-0498-4235-82EF-1449D7EA4D19}.Debug|iPhone.Build.0 = Debug|Any CPU
		{3C8FFBD0-0498-4235-82EF-1449D7EA4D19}.Debug|iPhoneSimulator.ActiveCfg = Debug|Any CPU
		{3C8FFBD0-0498-4235-82EF-1449D7EA4D19}.Debug|iPhoneSimulator.Build.0 = Debug|Any CPU
		{3C8FFBD0-0498-4235-82EF-1449D7EA4D19}.Release|Any CPU.ActiveCfg = Release|Any CPU
		{3C8FFBD0-0498-4235-82EF-1449D7EA4D19}.Release|Any CPU.Build.0 = Release|Any CPU
		{3C8FFBD0-0498-4235-82EF-1449D7EA4D19}.Release|iPhone.ActiveCfg = Release|Any CPU
		{3C8FFBD0-0498-4235-82EF-1449D7EA4D19}.Release|iPhone.Build.0 = Release|Any CPU
		{3C8FFBD0-0498-4235-82EF-1449D7EA4D19}.Release|iPhoneSimulator.ActiveCfg = Release|Any CPU
		{3C8FFBD0-0498-4235-82EF-1449D7EA4D19}.Release|iPhoneSimulator.Build.0 = Release|Any CPU
	EndGlobalSection
	GlobalSection(SolutionProperties) = preSolution
		HideSolutionNode = FALSE
	EndGlobalSection
	GlobalSection(ExtensibilityGlobals) = postSolution
		SolutionGuid = {E3BAD58A-576A-45A3-B2D3-3C359D1DFA67}
	EndGlobalSection
EndGlobal
